{
    "version": 3,
    "terraform_version": "0.11.8",
    "serial": 3,
    "lineage": "33cf1e54-9d9a-7dbb-3956-05a5cc926df4",
    "modules": [
        {
            "path": [
                "root"
            ],
            "outputs": {
                "web_external_ip": {
                    "sensitive": false,
                    "type": "string",
                    "value": "159.65.198.171"
                }
            },
            "resources": {
                "digitalocean_droplet.web": {
                    "type": "digitalocean_droplet",
                    "depends_on": [
                        "digitalocean_ssh_key.public"
                    ],
                    "primary": {
                        "id": "119920402",
                        "attributes": {
                            "backups": "false",
                            "disk": "25",
                            "id": "119920402",
                            "image": "ubuntu-18-04-x64",
                            "ipv4_address": "159.65.198.171",
                            "ipv4_address_private": "",
                            "ipv6": "false",
                            "ipv6_address": "",
                            "ipv6_address_private": "",
                            "locked": "false",
                            "memory": "1024",
                            "monitoring": "false",
                            "name": "secretsanta",
                            "price_hourly": "0.00744",
                            "price_monthly": "5",
                            "private_networking": "false",
                            "region": "ams3",
                            "resize_disk": "true",
                            "size": "s-1vcpu-1gb",
                            "ssh_keys.#": "1",
                            "ssh_keys.2599483353": "ef:22:2e:5f:3b:f4:1d:97:72:3d:03:f7:9c:d6:34:06",
                            "status": "active",
                            "tags.#": "0",
                            "vcpus": "1",
                            "volume_ids.#": "0"
                        },
                        "meta": {
                            "schema_version": "1"
                        },
                        "tainted": false
                    },
                    "deposed": [],
                    "provider": "provider.digitalocean"
                },
                "digitalocean_record.www": {
                    "type": "digitalocean_record",
                    "depends_on": [
                        "digitalocean_droplet.web"
                    ],
                    "primary": {
                        "id": "58710213",
                        "attributes": {
                            "domain": "pak.digital",
                            "flags": "0",
                            "fqdn": "secresanta.pak.digital",
                            "id": "58710213",
                            "name": "secresanta",
                            "port": "0",
                            "priority": "0",
                            "tag": "",
                            "ttl": "1800",
                            "type": "A",
                            "value": "159.65.198.171",
                            "weight": "0"
                        },
                        "meta": {},
                        "tainted": false
                    },
                    "deposed": [],
                    "provider": "provider.digitalocean"
                },
                "digitalocean_ssh_key.public": {
                    "type": "digitalocean_ssh_key",
                    "depends_on": [],
                    "primary": {
                        "id": "23577372",
                        "attributes": {
                            "fingerprint": "ef:22:2e:5f:3b:f4:1d:97:72:3d:03:f7:9c:d6:34:06",
                            "id": "23577372",
                            "name": "SecreSanta",
                            "public_key": "ssh-rsa AAAAB3NzaC1yc2EAAAADAQABAAABAQDBRNZx/3S15b52xHKRI8XtYFVnuR03K7B4DCZeBn4RlbZ6AXvFPuMqu4EjnXGYmBSvlUUWJn1WMLIYKBzpvfSsJ7f9/5pGDPfkEfX8p7EWwnWy66i1rFA6JmNKVzdjYD1ED4UW+Qmlds/vUox8LoLBlfzSop8ZFCED7Zgkbx74Jm62QSu2XTVuDg8WCOayAnUB1FeRihtAji4VtLYshVYViSBVGOLDF9dpvdu5cqxishfB1bb6zSQ2mPfkcyWiB2SkmJprBFanqwfqzsbouT780PGqkIeFpBCZqdxqrDbvDTqS0TpHKYHR01+/4RtpwWqEXGN3mHJkPNxiZZIo0P4J Pak_M@MacBook-Pro-PakM.local"
                        },
                        "meta": {},
                        "tainted": false
                    },
                    "deposed": [],
                    "provider": "provider.digitalocean"
                }
            },
            "depends_on": []
        }
    ]
}
